
Microsoft Visual Studio Solution File, Format Version 12.00
# Visual Studio Version 17
VisualStudioVersion = 17.11.35303.130
MinimumVisualStudioVersion = 10.0.40219.1
Project("{9A19103F-16F7-4668-BE54-9A1E7A4F7556}") = "Lab 1 Task 2", "CC Lab 1,2 tasks\Lab 1 Task 2.csproj", "{5B490F3F-3ED2-4EEF-93B2-C1D73818A34E}"
EndProject
Global
	GlobalSection(SolutionConfigurationPlatforms) = preSolution
		Debug|Any CPU = Debug|Any CPU
		Release|Any CPU = Release|Any CPU
	EndGlobalSection
	GlobalSection(ProjectConfigurationPlatforms) = postSolution
		{5B490F3F-3ED2-4EEF-93B2-C1D73818A34E}.Debug|Any CPU.ActiveCfg = Debug|Any CPU
		{5B490F3F-3ED2-4EEF-93B2-C1D73818A34E}.Debug|Any CPU.Build.0 = Debug|Any CPU
		{5B490F3F-3ED2-4EEF-93B2-C1D73818A34E}.Release|Any CPU.ActiveCfg = Release|Any CPU
		{5B490F3F-3ED2-4EEF-93B2-C1D73818A34E}.Release|Any CPU.Build.0 = Release|Any CPU
	EndGlobalSection
	GlobalSection(SolutionProperties) = preSolution
		HideSolutionNode = FALSE
	EndGlobalSection
	GlobalSection(ExtensibilityGlobals) = postSolution
		SolutionGuid = {01DEBAEE-6BCF-45C2-BD1E-809F794F78D1}
	EndGlobalSection
EndGlobal
