
Microsoft Visual Studio Solution File, Format Version 12.00
# Visual Studio Version 17
VisualStudioVersion = 17.11.35303.130
MinimumVisualStudioVersion = 10.0.40219.1
Project("{FAE04EC0-301F-11D3-BF4B-00C04F79EFBC}") = "Lab 4 Task 1", "Lab 4 Task 1\Lab 4 Task 1.csproj", "{059793A0-7DC6-4CF6-83E8-F7CFD7D07967}"
EndProject
Global
	GlobalSection(SolutionConfigurationPlatforms) = preSolution
		Debug|Any CPU = Debug|Any CPU
		Release|Any CPU = Release|Any CPU
	EndGlobalSection
	GlobalSection(ProjectConfigurationPlatforms) = postSolution
		{059793A0-7DC6-4CF6-83E8-F7CFD7D07967}.Debug|Any CPU.ActiveCfg = Debug|Any CPU
		{059793A0-7DC6-4CF6-83E8-F7CFD7D07967}.Debug|Any CPU.Build.0 = Debug|Any CPU
		{059793A0-7DC6-4CF6-83E8-F7CFD7D07967}.Release|Any CPU.ActiveCfg = Release|Any CPU
		{059793A0-7DC6-4CF6-83E8-F7CFD7D07967}.Release|Any CPU.Build.0 = Release|Any CPU
	EndGlobalSection
	GlobalSection(SolutionProperties) = preSolution
		HideSolutionNode = FALSE
	EndGlobalSection
	GlobalSection(ExtensibilityGlobals) = postSolution
		SolutionGuid = {C94D37CF-3C53-4DD8-8106-F4D3B39E20BA}
	EndGlobalSection
EndGlobal
